
Microsoft Visual Studio Solution File, Format Version 12.00
# Visual Studio Version 16
VisualStudioVersion = 16.0.33027.164
MinimumVisualStudioVersion = 10.0.40219.1
Project("{FAE04EC0-301F-11D3-BF4B-00C04F79EFBC}") = "pr4", "pr4\pr4.csproj", "{890E45C8-7AD8-441B-8B6B-5A0E1D6AF460}"
EndProject
Global
	GlobalSection(SolutionConfigurationPlatforms) = preSolution
		Debug|Any CPU = Debug|Any CPU
		Release|Any CPU = Release|Any CPU
	EndGlobalSection
	GlobalSection(ProjectConfigurationPlatforms) = postSolution
		{890E45C8-7AD8-441B-8B6B-5A0E1D6AF460}.Debug|Any CPU.ActiveCfg = Debug|Any CPU
		{890E45C8-7AD8-441B-8B6B-5A0E1D6AF460}.Debug|Any CPU.Build.0 = Debug|Any CPU
		{890E45C8-7AD8-441B-8B6B-5A0E1D6AF460}.Release|Any CPU.ActiveCfg = Release|Any CPU
		{890E45C8-7AD8-441B-8B6B-5A0E1D6AF460}.Release|Any CPU.Build.0 = Release|Any CPU
	EndGlobalSection
	GlobalSection(SolutionProperties) = preSolution
		HideSolutionNode = FALSE
	EndGlobalSection
	GlobalSection(ExtensibilityGlobals) = postSolution
		SolutionGuid = {21BC84F5-4747-4926-AA0C-75321D274D8C}
	EndGlobalSection
EndGlobal
